
Microsoft Visual Studio Solution File, Format Version 12.00
# Visual Studio 15
VisualStudioVersion = 15.0.28010.2016
MinimumVisualStudioVersion = 10.0.40219.1
Project("{FAE04EC0-301F-11D3-BF4B-00C04F79EFBC}") = "tenbyten", "tenbyten\tenbyten.csproj", "{DCBDEFBF-3E65-4106-8498-458BBD743E2F}"
EndProject
Global
	GlobalSection(SolutionConfigurationPlatforms) = preSolution
		Debug|Any CPU = Debug|Any CPU
		Release|Any CPU = Release|Any CPU
	EndGlobalSection
	GlobalSection(ProjectConfigurationPlatforms) = postSolution
		{DCBDEFBF-3E65-4106-8498-458BBD743E2F}.Debug|Any CPU.ActiveCfg = Debug|Any CPU
		{DCBDEFBF-3E65-4106-8498-458BBD743E2F}.Debug|Any CPU.Build.0 = Debug|Any CPU
		{DCBDEFBF-3E65-4106-8498-458BBD743E2F}.Release|Any CPU.ActiveCfg = Release|Any CPU
		{DCBDEFBF-3E65-4106-8498-458BBD743E2F}.Release|Any CPU.Build.0 = Release|Any CPU
	EndGlobalSection
	GlobalSection(SolutionProperties) = preSolution
		HideSolutionNode = FALSE
	EndGlobalSection
	GlobalSection(ExtensibilityGlobals) = postSolution
		SolutionGuid = {88FC5A79-5C8E-47AB-909A-387E5DFD885D}
	EndGlobalSection
EndGlobal
